
Microsoft Visual Studio Solution File, Format Version 12.00
# Visual Studio Version 16
VisualStudioVersion = 16.0.30225.117
MinimumVisualStudioVersion = 10.0.40219.1
Project("{FAE04EC0-301F-11D3-BF4B-00C04F79EFBC}") = "WebServiceWithAsmx", "WebServiceWithAsmx.csproj", "{8184349B-97BF-42A5-A178-2FA2F700CECD}"
EndProject
Global
	GlobalSection(SolutionConfigurationPlatforms) = preSolution
		Debug|Any CPU = Debug|Any CPU
		Release|Any CPU = Release|Any CPU
	EndGlobalSection
	GlobalSection(ProjectConfigurationPlatforms) = postSolution
		{8184349B-97BF-42A5-A178-2FA2F700CECD}.Debug|Any CPU.ActiveCfg = Debug|Any CPU
		{8184349B-97BF-42A5-A178-2FA2F700CECD}.Debug|Any CPU.Build.0 = Debug|Any CPU
		{8184349B-97BF-42A5-A178-2FA2F700CECD}.Release|Any CPU.ActiveCfg = Release|Any CPU
		{8184349B-97BF-42A5-A178-2FA2F700CECD}.Release|Any CPU.Build.0 = Release|Any CPU
	EndGlobalSection
	GlobalSection(SolutionProperties) = preSolution
		HideSolutionNode = FALSE
	EndGlobalSection
	GlobalSection(ExtensibilityGlobals) = postSolution
		SolutionGuid = {7851D037-68E6-47D6-A3EE-DF9E5382D780}
	EndGlobalSection
EndGlobal
