
Microsoft Visual Studio Solution File, Format Version 12.00
# Visual Studio Version 16
VisualStudioVersion = 16.0.30204.135
MinimumVisualStudioVersion = 10.0.40219.1
Project("{FAE04EC0-301F-11D3-BF4B-00C04F79EFBC}") = "WebSocket", "WebSocket\WebSocket.csproj", "{D8270560-EA0C-4CB5-A01B-403BFA451ECD}"
EndProject
Global
	GlobalSection(SolutionConfigurationPlatforms) = preSolution
		Debug|Any CPU = Debug|Any CPU
		Release|Any CPU = Release|Any CPU
	EndGlobalSection
	GlobalSection(ProjectConfigurationPlatforms) = postSolution
		{D8270560-EA0C-4CB5-A01B-403BFA451ECD}.Debug|Any CPU.ActiveCfg = Debug|Any CPU
		{D8270560-EA0C-4CB5-A01B-403BFA451ECD}.Debug|Any CPU.Build.0 = Debug|Any CPU
		{D8270560-EA0C-4CB5-A01B-403BFA451ECD}.Release|Any CPU.ActiveCfg = Release|Any CPU
		{D8270560-EA0C-4CB5-A01B-403BFA451ECD}.Release|Any CPU.Build.0 = Release|Any CPU
	EndGlobalSection
	GlobalSection(SolutionProperties) = preSolution
		HideSolutionNode = FALSE
	EndGlobalSection
	GlobalSection(ExtensibilityGlobals) = postSolution
		SolutionGuid = {9F535C8E-11EC-4ACE-8C33-D35806F66982}
	EndGlobalSection
EndGlobal
